
Microsoft Visual Studio Solution File, Format Version 12.00
# Visual Studio Version 16
VisualStudioVersion = 16.0.30611.23
MinimumVisualStudioVersion = 10.0.40219.1
Project("{9A19103F-16F7-4668-BE54-9A1E7A4F7556}") = "TpGl2021Core", "TpGl2021Core.csproj", "{BC75E4D5-C2B1-47D4-A502-09B1ECC36106}"
EndProject
Project("{FAE04EC0-301F-11D3-BF4B-00C04F79EFBC}") = "exposerReact2", "..\exposerReact2\exposerReact2.csproj", "{385038BA-DA31-460D-9E1C-6EB92D423967}"
EndProject
Global
	GlobalSection(SolutionConfigurationPlatforms) = preSolution
		Debug|Any CPU = Debug|Any CPU
		Release|Any CPU = Release|Any CPU
	EndGlobalSection
	GlobalSection(ProjectConfigurationPlatforms) = postSolution
		{BC75E4D5-C2B1-47D4-A502-09B1ECC36106}.Debug|Any CPU.ActiveCfg = Debug|Any CPU
		{BC75E4D5-C2B1-47D4-A502-09B1ECC36106}.Debug|Any CPU.Build.0 = Debug|Any CPU
		{BC75E4D5-C2B1-47D4-A502-09B1ECC36106}.Release|Any CPU.ActiveCfg = Release|Any CPU
		{BC75E4D5-C2B1-47D4-A502-09B1ECC36106}.Release|Any CPU.Build.0 = Release|Any CPU
		{385038BA-DA31-460D-9E1C-6EB92D423967}.Debug|Any CPU.ActiveCfg = Debug|Any CPU
		{385038BA-DA31-460D-9E1C-6EB92D423967}.Debug|Any CPU.Build.0 = Debug|Any CPU
		{385038BA-DA31-460D-9E1C-6EB92D423967}.Release|Any CPU.ActiveCfg = Release|Any CPU
		{385038BA-DA31-460D-9E1C-6EB92D423967}.Release|Any CPU.Build.0 = Release|Any CPU
	EndGlobalSection
	GlobalSection(SolutionProperties) = preSolution
		HideSolutionNode = FALSE
	EndGlobalSection
	GlobalSection(ExtensibilityGlobals) = postSolution
		SolutionGuid = {9E6F270F-EF3C-4736-BC7E-2981991F3C0C}
	EndGlobalSection
EndGlobal
